
Microsoft Visual Studio Solution File, Format Version 12.00
# Visual Studio Version 17
VisualStudioVersion = 17.0.32014.148
MinimumVisualStudioVersion = 10.0.40219.1
Project("{9A19103F-16F7-4668-BE54-9A1E7A4F7556}") = "WebApp", "WebApp\WebApp.csproj", "{73B5282F-AE80-4621-BEF8-D0130E58E98C}"
	ProjectSection(ProjectDependencies) = postProject
		{7B330683-D92A-4266-9CF6-E5313F79B2B3} = {7B330683-D92A-4266-9CF6-E5313F79B2B3}
	EndProjectSection
EndProject
Project("{FAE04EC0-301F-11D3-BF4B-00C04F79EFBC}") = "ProductServiceApi", "ProductServiceApi\ProductServiceApi.csproj", "{7B330683-D92A-4266-9CF6-E5313F79B2B3}"
EndProject
Global
	GlobalSection(SolutionConfigurationPlatforms) = preSolution
		Debug|Any CPU = Debug|Any CPU
		Release|Any CPU = Release|Any CPU
	EndGlobalSection
	GlobalSection(ProjectConfigurationPlatforms) = postSolution
		{73B5282F-AE80-4621-BEF8-D0130E58E98C}.Debug|Any CPU.ActiveCfg = Debug|Any CPU
		{73B5282F-AE80-4621-BEF8-D0130E58E98C}.Debug|Any CPU.Build.0 = Debug|Any CPU
		{73B5282F-AE80-4621-BEF8-D0130E58E98C}.Release|Any CPU.ActiveCfg = Release|Any CPU
		{73B5282F-AE80-4621-BEF8-D0130E58E98C}.Release|Any CPU.Build.0 = Release|Any CPU
		{7B330683-D92A-4266-9CF6-E5313F79B2B3}.Debug|Any CPU.ActiveCfg = Debug|Any CPU
		{7B330683-D92A-4266-9CF6-E5313F79B2B3}.Debug|Any CPU.Build.0 = Debug|Any CPU
		{7B330683-D92A-4266-9CF6-E5313F79B2B3}.Release|Any CPU.ActiveCfg = Release|Any CPU
		{7B330683-D92A-4266-9CF6-E5313F79B2B3}.Release|Any CPU.Build.0 = Release|Any CPU
	EndGlobalSection
	GlobalSection(SolutionProperties) = preSolution
		HideSolutionNode = FALSE
	EndGlobalSection
	GlobalSection(ExtensibilityGlobals) = postSolution
		SolutionGuid = {81921AEA-6EAA-405D-91AF-F6C1BC28DECF}
	EndGlobalSection
EndGlobal
